
Microsoft Visual Studio Solution File, Format Version 12.00
# Visual Studio 15
VisualStudioVersion = 15.0.28010.2046
MinimumVisualStudioVersion = 10.0.40219.1
Project("{FAE04EC0-301F-11D3-BF4B-00C04F79EFBC}") = "ConsoleApp2", "ConsoleApp2\ConsoleApp2.csproj", "{8883F7E4-F61C-40D2-AAD1-7BE6F0D32853}"
EndProject
Global
	GlobalSection(SolutionConfigurationPlatforms) = preSolution
		Debug|Any CPU = Debug|Any CPU
		Release|Any CPU = Release|Any CPU
	EndGlobalSection
	GlobalSection(ProjectConfigurationPlatforms) = postSolution
		{8883F7E4-F61C-40D2-AAD1-7BE6F0D32853}.Debug|Any CPU.ActiveCfg = Debug|Any CPU
		{8883F7E4-F61C-40D2-AAD1-7BE6F0D32853}.Debug|Any CPU.Build.0 = Debug|Any CPU
		{8883F7E4-F61C-40D2-AAD1-7BE6F0D32853}.Release|Any CPU.ActiveCfg = Release|Any CPU
		{8883F7E4-F61C-40D2-AAD1-7BE6F0D32853}.Release|Any CPU.Build.0 = Release|Any CPU
	EndGlobalSection
	GlobalSection(SolutionProperties) = preSolution
		HideSolutionNode = FALSE
	EndGlobalSection
	GlobalSection(ExtensibilityGlobals) = postSolution
		SolutionGuid = {7C6240EC-7335-4F34-864B-D7C4D46B9F3C}
	EndGlobalSection
EndGlobal
